{
  "nodes": {
    "clipse-gui-src": {
      "flake": false,
      "locked": {
        "lastModified": 1763761596,
        "narHash": "sha256-bzqNFTEovr9V46vWK0SkSqiCJK4OV5cF5nKo+LorUZs=",
        "owner": "d7omdev",
        "repo": "clipse-gui",
        "rev": "39c02f0a1e30ff1e61b11afad1be5ffa12e639fd",
        "type": "github"
      },
      "original": {
        "owner": "d7omdev",
        "repo": "clipse-gui",
        "type": "github"
      }
    },
    "go-typer-src": {
      "flake": false,
      "locked": {
        "lastModified": 1751352515,
        "narHash": "sha256-XLONO0hwQPqqD8FZHIxd+qJ9j8aotM6ftqLeyPpdS70=",
        "owner": "prime-run",
        "repo": "go-typer",
        "rev": "b29c72326fe8c5f9d1702e6dcf384154ce737e16",
        "type": "github"
      },
      "original": {
        "owner": "prime-run",
        "repo": "go-typer",
        "type": "github"
      }
    },
    "nixpkgs": {
      "locked": {
        "lastModified": 1764947035,
        "narHash": "sha256-EYHSjVM4Ox4lvCXUMiKKs2vETUSL5mx+J2FfutM7T9w=",
        "owner": "NixOS",
        "repo": "nixpkgs",
        "rev": "a672be65651c80d3f592a89b3945466584a22069",
        "type": "github"
      },
      "original": {
        "owner": "NixOS",
        "ref": "nixpkgs-unstable",
        "repo": "nixpkgs",
        "type": "github"
      }
    },
    "root": {
      "inputs": {
        "clipse-gui-src": "clipse-gui-src",
        "go-typer-src": "go-typer-src",
        "nixpkgs": "nixpkgs",
        "togo-src": "togo-src"
      }
    },
    "togo-src": {
      "flake": false,
      "locked": {
        "lastModified": 1755708295,
        "narHash": "sha256-0Ypek/dFqYS/ScKGRJd9d7hg4EElD+WIuBkIcVSqwJA=",
        "owner": "prime-run",
        "repo": "togo",
        "rev": "86b7a8128b7ff0469dccc1398f491f170c08a10a",
        "type": "github"
      },
      "original": {
        "owner": "prime-run",
        "repo": "togo",
        "type": "github"
      }
    }
  },
  "root": "root",
  "version": 7
}
