{
  "nodes": {
    "clipse-gui-src": {
      "flake": false,
      "locked": {
        "lastModified": 1745530947,
        "narHash": "sha256-V4i2k8s1xePuE0+9jQPOeFYv8PEWHvZkbD2EJtciIZU=",
        "owner": "d7omdev",
        "repo": "clipse-gui",
        "rev": "6feafbbdde775729811d37d1d532380bcd100047",
        "type": "github"
      },
      "original": {
        "owner": "d7omdev",
        "repo": "clipse-gui",
        "type": "github"
      }
    },
    "go-typer-src": {
      "flake": false,
      "locked": {
        "lastModified": 1744060146,
        "narHash": "sha256-VQVdrMk5nFuXTe2hr99SdnnksMOCsBOGN+K4YWrDP1Y=",
        "owner": "prime-run",
        "repo": "go-typer",
        "rev": "407493aa54761353b13af95a2d326580f70980e1",
        "type": "github"
      },
      "original": {
        "owner": "prime-run",
        "repo": "go-typer",
        "type": "github"
      }
    },
    "nixpkgs": {
      "locked": {
        "lastModified": 1743938762,
        "narHash": "sha256-UgFYn8sGv9B8PoFpUfCa43CjMZBl1x/ShQhRDHBFQdI=",
        "owner": "NixOS",
        "repo": "nixpkgs",
        "rev": "74a40410369a1c35ee09b8a1abee6f4acbedc059",
        "type": "github"
      },
      "original": {
        "owner": "NixOS",
        "ref": "nixpkgs-unstable",
        "repo": "nixpkgs",
        "type": "github"
      }
    },
    "root": {
      "inputs": {
        "clipse-gui-src": "clipse-gui-src",
        "go-typer-src": "go-typer-src",
        "nixpkgs": "nixpkgs",
        "togo-src": "togo-src"
      }
    },
    "togo-src": {
      "flake": false,
      "locked": {
        "lastModified": 1743784083,
        "narHash": "sha256-8ENflRp2CAcw/pohjAFI4ZhefJy8G+fTlMyYJlQ8sGI=",
        "owner": "prime-run",
        "repo": "togo",
        "rev": "4be26ff859fd969a2d387947e7e72a5d47362c26",
        "type": "github"
      },
      "original": {
        "owner": "prime-run",
        "repo": "togo",
        "type": "github"
      }
    }
  },
  "root": "root",
  "version": 7
}
