{
  "nodes": {
    "clipse-gui-src": {
      "flake": false,
      "locked": {
        "lastModified": 1747766707,
        "narHash": "sha256-+WkhSM/Pfe0iFJbIXduf5XqikCfarD8IUm8uyiRaADg=",
        "owner": "d7omdev",
        "repo": "clipse-gui",
        "rev": "f8e15b4bcd6808cd74346ce460fb1706ff1fd9c8",
        "type": "github"
      },
      "original": {
        "owner": "d7omdev",
        "repo": "clipse-gui",
        "type": "github"
      }
    },
    "go-typer-src": {
      "flake": false,
      "locked": {
        "lastModified": 1751352515,
        "narHash": "sha256-XLONO0hwQPqqD8FZHIxd+qJ9j8aotM6ftqLeyPpdS70=",
        "owner": "prime-run",
        "repo": "go-typer",
        "rev": "b29c72326fe8c5f9d1702e6dcf384154ce737e16",
        "type": "github"
      },
      "original": {
        "owner": "prime-run",
        "repo": "go-typer",
        "type": "github"
      }
    },
    "nixpkgs": {
      "locked": {
        "lastModified": 1753151930,
        "narHash": "sha256-XSQy6wRKHhRe//iVY5lS/ZpI/Jn6crWI8fQzl647wCg=",
        "owner": "NixOS",
        "repo": "nixpkgs",
        "rev": "83e677f31c84212343f4cc553bab85c2efcad60a",
        "type": "github"
      },
      "original": {
        "owner": "NixOS",
        "ref": "nixpkgs-unstable",
        "repo": "nixpkgs",
        "type": "github"
      }
    },
    "root": {
      "inputs": {
        "clipse-gui-src": "clipse-gui-src",
        "go-typer-src": "go-typer-src",
        "nixpkgs": "nixpkgs",
        "togo-src": "togo-src"
      }
    },
    "togo-src": {
      "flake": false,
      "locked": {
        "lastModified": 1753050043,
        "narHash": "sha256-Nx28T1MoLKDbLygAac57h9fU/6cIgWLBnESMY2chJ5A=",
        "owner": "prime-run",
        "repo": "togo",
        "rev": "27178edef3c44a105cf9725f09c8db33a73dc77b",
        "type": "github"
      },
      "original": {
        "owner": "prime-run",
        "repo": "togo",
        "type": "github"
      }
    }
  },
  "root": "root",
  "version": 7
}
